
Microsoft Visual Studio Solution File, Format Version 12.00
# Visual Studio Version 17
VisualStudioVersion = 17.5.33424.131
MinimumVisualStudioVersion = 10.0.40219.1
Project("{9A19103F-16F7-4668-BE54-9A1E7A4F7556}") = "Database Example 3", "Database Example 3\Database Example 3.csproj", "{13D341BE-B594-4657-B305-D0A5D12BDD64}"
EndProject
Project("{FAE04EC0-301F-11D3-BF4B-00C04F79EFBC}") = "Database Example 3_Tests", "Database Example 3_Tests\Database Example 3_Tests.csproj", "{A3B9776C-528F-4335-BBDC-88199C8E9B18}"
EndProject
Global
	GlobalSection(SolutionConfigurationPlatforms) = preSolution
		Debug|Any CPU = Debug|Any CPU
		Release|Any CPU = Release|Any CPU
	EndGlobalSection
	GlobalSection(ProjectConfigurationPlatforms) = postSolution
		{13D341BE-B594-4657-B305-D0A5D12BDD64}.Debug|Any CPU.ActiveCfg = Debug|Any CPU
		{13D341BE-B594-4657-B305-D0A5D12BDD64}.Debug|Any CPU.Build.0 = Debug|Any CPU
		{13D341BE-B594-4657-B305-D0A5D12BDD64}.Release|Any CPU.ActiveCfg = Release|Any CPU
		{13D341BE-B594-4657-B305-D0A5D12BDD64}.Release|Any CPU.Build.0 = Release|Any CPU
		{A3B9776C-528F-4335-BBDC-88199C8E9B18}.Debug|Any CPU.ActiveCfg = Debug|Any CPU
		{A3B9776C-528F-4335-BBDC-88199C8E9B18}.Debug|Any CPU.Build.0 = Debug|Any CPU
		{A3B9776C-528F-4335-BBDC-88199C8E9B18}.Release|Any CPU.ActiveCfg = Release|Any CPU
		{A3B9776C-528F-4335-BBDC-88199C8E9B18}.Release|Any CPU.Build.0 = Release|Any CPU
	EndGlobalSection
	GlobalSection(SolutionProperties) = preSolution
		HideSolutionNode = FALSE
	EndGlobalSection
	GlobalSection(ExtensibilityGlobals) = postSolution
		SolutionGuid = {C1E1C6CB-0261-4345-B372-6D660D616876}
	EndGlobalSection
EndGlobal
